// !$*UTF8*$!
{
	archiveVersion = 1;
	classes = {
	};
	objectVersion = 56;
	objects = {

/* Begin PBXBuildFile section */
		6D42B1BD7CBA85419B519C6D /* Pods_NewsApp.framework in Frameworks */ = {isa = PBXBuildFile; fileRef = A9C6E14932A60DF4EDD8D93A /* Pods_NewsApp.framework */; };
		D8F3C7B26A5CD1BF6B118FA4 /* Pods_NewsAppTests.framework in Frameworks */ = {isa = PBXBuildFile; fileRef = 1B6093C3EFA1D52FF63DBD32 /* Pods_NewsAppTests.framework */; };
		DCC84A9B69124181C776BC8B /* Pods_NewsApp_NewsAppUITests.framework in Frameworks */ = {isa = PBXBuildFile; fileRef = 3A76A5D6E1FF71BFE1C6B33E /* Pods_NewsApp_NewsAppUITests.framework */; };
		FB4A335F2BEFA6E000BFFBBD /* AppDelegate.swift in Sources */ = {isa = PBXBuildFile; fileRef = FB4A335E2BEFA6E000BFFBBD /* AppDelegate.swift */; };
		FB4A33612BEFA6E000BFFBBD /* SceneDelegate.swift in Sources */ = {isa = PBXBuildFile; fileRef = FB4A33602BEFA6E000BFFBBD /* SceneDelegate.swift */; };
		FB4A33632BEFA6E000BFFBBD /* HomeVC.swift in Sources */ = {isa = PBXBuildFile; fileRef = FB4A33622BEFA6E000BFFBBD /* HomeVC.swift */; };
		FB4A33682BEFA6E100BFFBBD /* Assets.xcassets in Resources */ = {isa = PBXBuildFile; fileRef = FB4A33672BEFA6E100BFFBBD /* Assets.xcassets */; };
		FB4A336B2BEFA6E100BFFBBD /* Base in Resources */ = {isa = PBXBuildFile; fileRef = FB4A336A2BEFA6E100BFFBBD /* Base */; };
		FB4A33762BEFA6E100BFFBBD /* NewsAppTests.swift in Sources */ = {isa = PBXBuildFile; fileRef = FB4A33752BEFA6E100BFFBBD /* NewsAppTests.swift */; };
		FB4A33802BEFA6E100BFFBBD /* NewsAppUITests.swift in Sources */ = {isa = PBXBuildFile; fileRef = FB4A337F2BEFA6E100BFFBBD /* NewsAppUITests.swift */; };
		FB4A33822BEFA6E100BFFBBD /* NewsAppUITestsLaunchTests.swift in Sources */ = {isa = PBXBuildFile; fileRef = FB4A33812BEFA6E100BFFBBD /* NewsAppUITestsLaunchTests.swift */; };
		FB4A33912BEFB25600BFFBBD /* UIView+Constraints.swift in Sources */ = {isa = PBXBuildFile; fileRef = FB4A33902BEFB25600BFFBBD /* UIView+Constraints.swift */; };
		FB64E2B22BF26AB400F3FE9F /* ArticleCellView.swift in Sources */ = {isa = PBXBuildFile; fileRef = FB64E2B12BF26AB400F3FE9F /* ArticleCellView.swift */; };
		FB64E2B52BF2817700F3FE9F /* ArticleCell.swift in Sources */ = {isa = PBXBuildFile; fileRef = FB64E2B42BF2817700F3FE9F /* ArticleCell.swift */; };
		FB64E2B92BF2AA5600F3FE9F /* ArticleView.swift in Sources */ = {isa = PBXBuildFile; fileRef = FB64E2B82BF2AA5600F3FE9F /* ArticleView.swift */; };
		FBE4F6622BF11EAB009C65FB /* NewsAPIInteractor.swift in Sources */ = {isa = PBXBuildFile; fileRef = FBE4F6612BF11EAB009C65FB /* NewsAPIInteractor.swift */; };
		FBEC2BD72BF138FF0089FD04 /* InteractorOutputMock.swift in Sources */ = {isa = PBXBuildFile; fileRef = FBEC2BD62BF138FF0089FD04 /* InteractorOutputMock.swift */; };
		FBEC2BDA2BF146760089FD04 /* Router.swift in Sources */ = {isa = PBXBuildFile; fileRef = FBEC2BD92BF146760089FD04 /* Router.swift */; };
		FBEC2BDC2BF149260089FD04 /* HomePresenter.swift in Sources */ = {isa = PBXBuildFile; fileRef = FBEC2BDB2BF149260089FD04 /* HomePresenter.swift */; };
		FBFAD30F2BF03990001C4D0C /* ArticleModel.swift in Sources */ = {isa = PBXBuildFile; fileRef = FBFAD30E2BF03990001C4D0C /* ArticleModel.swift */; };
		FBFAD3112BF03A86001C4D0C /* SourceModel.swift in Sources */ = {isa = PBXBuildFile; fileRef = FBFAD3102BF03A86001C4D0C /* SourceModel.swift */; };
		FBFAD3132BF03B8E001C4D0C /* ResponseModel.swift in Sources */ = {isa = PBXBuildFile; fileRef = FBFAD3122BF03B8E001C4D0C /* ResponseModel.swift */; };
		FBFAD3152BF03BFA001C4D0C /* ErrorResponseModel.swift in Sources */ = {isa = PBXBuildFile; fileRef = FBFAD3142BF03BFA001C4D0C /* ErrorResponseModel.swift */; };
		FBFAD31A2BF046CC001C4D0C /* Protocols.swift in Sources */ = {isa = PBXBuildFile; fileRef = FBFAD3192BF046CC001C4D0C /* Protocols.swift */; };
/* End PBXBuildFile section */

/* Begin PBXContainerItemProxy section */
		FB4A33722BEFA6E100BFFBBD /* PBXContainerItemProxy */ = {
			isa = PBXContainerItemProxy;
			containerPortal = FB4A33532BEFA6E000BFFBBD /* Project object */;
			proxyType = 1;
			remoteGlobalIDString = FB4A335A2BEFA6E000BFFBBD;
			remoteInfo = NewsApp;
		};
		FB4A337C2BEFA6E100BFFBBD /* PBXContainerItemProxy */ = {
			isa = PBXContainerItemProxy;
			containerPortal = FB4A33532BEFA6E000BFFBBD /* Project object */;
			proxyType = 1;
			remoteGlobalIDString = FB4A335A2BEFA6E000BFFBBD;
			remoteInfo = NewsApp;
		};
/* End PBXContainerItemProxy section */

/* Begin PBXFileReference section */
		0562295BC6DDB8E20FEA1DB1 /* Pods-NewsApp.debug.xcconfig */ = {isa = PBXFileReference; includeInIndex = 1; lastKnownFileType = text.xcconfig; name = "Pods-NewsApp.debug.xcconfig"; path = "Target Support Files/Pods-NewsApp/Pods-NewsApp.debug.xcconfig"; sourceTree = "<group>"; };
		1B6093C3EFA1D52FF63DBD32 /* Pods_NewsAppTests.framework */ = {isa = PBXFileReference; explicitFileType = wrapper.framework; includeInIndex = 0; path = Pods_NewsAppTests.framework; sourceTree = BUILT_PRODUCTS_DIR; };
		231183C4095FE28F01B2E4D6 /* Pods-NewsApp.release.xcconfig */ = {isa = PBXFileReference; includeInIndex = 1; lastKnownFileType = text.xcconfig; name = "Pods-NewsApp.release.xcconfig"; path = "Target Support Files/Pods-NewsApp/Pods-NewsApp.release.xcconfig"; sourceTree = "<group>"; };
		3A76A5D6E1FF71BFE1C6B33E /* Pods_NewsApp_NewsAppUITests.framework */ = {isa = PBXFileReference; explicitFileType = wrapper.framework; includeInIndex = 0; path = Pods_NewsApp_NewsAppUITests.framework; sourceTree = BUILT_PRODUCTS_DIR; };
		62F1564A645FC586797F6A7A /* Pods-NewsAppTests.release.xcconfig */ = {isa = PBXFileReference; includeInIndex = 1; lastKnownFileType = text.xcconfig; name = "Pods-NewsAppTests.release.xcconfig"; path = "Target Support Files/Pods-NewsAppTests/Pods-NewsAppTests.release.xcconfig"; sourceTree = "<group>"; };
		6F8978E5E85B5FAA6FFA8B8A /* Pods-NewsApp-NewsAppUITests.debug.xcconfig */ = {isa = PBXFileReference; includeInIndex = 1; lastKnownFileType = text.xcconfig; name = "Pods-NewsApp-NewsAppUITests.debug.xcconfig"; path = "Target Support Files/Pods-NewsApp-NewsAppUITests/Pods-NewsApp-NewsAppUITests.debug.xcconfig"; sourceTree = "<group>"; };
		A9C6E14932A60DF4EDD8D93A /* Pods_NewsApp.framework */ = {isa = PBXFileReference; explicitFileType = wrapper.framework; includeInIndex = 0; path = Pods_NewsApp.framework; sourceTree = BUILT_PRODUCTS_DIR; };
		CF05A3B6D767509E9A1BBC5B /* Pods-NewsAppTests.debug.xcconfig */ = {isa = PBXFileReference; includeInIndex = 1; lastKnownFileType = text.xcconfig; name = "Pods-NewsAppTests.debug.xcconfig"; path = "Target Support Files/Pods-NewsAppTests/Pods-NewsAppTests.debug.xcconfig"; sourceTree = "<group>"; };
		DB88020141A3E61A11394A3A /* Pods-NewsApp-NewsAppUITests.release.xcconfig */ = {isa = PBXFileReference; includeInIndex = 1; lastKnownFileType = text.xcconfig; name = "Pods-NewsApp-NewsAppUITests.release.xcconfig"; path = "Target Support Files/Pods-NewsApp-NewsAppUITests/Pods-NewsApp-NewsAppUITests.release.xcconfig"; sourceTree = "<group>"; };
		FB4A335B2BEFA6E000BFFBBD /* NewsApp.app */ = {isa = PBXFileReference; explicitFileType = wrapper.application; includeInIndex = 0; path = NewsApp.app; sourceTree = BUILT_PRODUCTS_DIR; };
		FB4A335E2BEFA6E000BFFBBD /* AppDelegate.swift */ = {isa = PBXFileReference; lastKnownFileType = sourcecode.swift; path = AppDelegate.swift; sourceTree = "<group>"; };
		FB4A33602BEFA6E000BFFBBD /* SceneDelegate.swift */ = {isa = PBXFileReference; lastKnownFileType = sourcecode.swift; path = SceneDelegate.swift; sourceTree = "<group>"; };
		FB4A33622BEFA6E000BFFBBD /* HomeVC.swift */ = {isa = PBXFileReference; lastKnownFileType = sourcecode.swift; path = HomeVC.swift; sourceTree = "<group>"; };
		FB4A33672BEFA6E100BFFBBD /* Assets.xcassets */ = {isa = PBXFileReference; lastKnownFileType = folder.assetcatalog; path = Assets.xcassets; sourceTree = "<group>"; };
		FB4A336A2BEFA6E100BFFBBD /* Base */ = {isa = PBXFileReference; lastKnownFileType = file.storyboard; name = Base; path = Base.lproj/LaunchScreen.storyboard; sourceTree = "<group>"; };
		FB4A336C2BEFA6E100BFFBBD /* Info.plist */ = {isa = PBXFileReference; lastKnownFileType = text.plist.xml; path = Info.plist; sourceTree = "<group>"; };
		FB4A33712BEFA6E100BFFBBD /* NewsAppTests.xctest */ = {isa = PBXFileReference; explicitFileType = wrapper.cfbundle; includeInIndex = 0; path = NewsAppTests.xctest; sourceTree = BUILT_PRODUCTS_DIR; };
		FB4A33752BEFA6E100BFFBBD /* NewsAppTests.swift */ = {isa = PBXFileReference; lastKnownFileType = sourcecode.swift; path = NewsAppTests.swift; sourceTree = "<group>"; };
		FB4A337B2BEFA6E100BFFBBD /* NewsAppUITests.xctest */ = {isa = PBXFileReference; explicitFileType = wrapper.cfbundle; includeInIndex = 0; path = NewsAppUITests.xctest; sourceTree = BUILT_PRODUCTS_DIR; };
		FB4A337F2BEFA6E100BFFBBD /* NewsAppUITests.swift */ = {isa = PBXFileReference; lastKnownFileType = sourcecode.swift; path = NewsAppUITests.swift; sourceTree = "<group>"; };
		FB4A33812BEFA6E100BFFBBD /* NewsAppUITestsLaunchTests.swift */ = {isa = PBXFileReference; lastKnownFileType = sourcecode.swift; path = NewsAppUITestsLaunchTests.swift; sourceTree = "<group>"; };
		FB4A33902BEFB25600BFFBBD /* UIView+Constraints.swift */ = {isa = PBXFileReference; lastKnownFileType = sourcecode.swift; path = "UIView+Constraints.swift"; sourceTree = "<group>"; };
		FB64E2B12BF26AB400F3FE9F /* ArticleCellView.swift */ = {isa = PBXFileReference; lastKnownFileType = sourcecode.swift; path = ArticleCellView.swift; sourceTree = "<group>"; };
		FB64E2B42BF2817700F3FE9F /* ArticleCell.swift */ = {isa = PBXFileReference; lastKnownFileType = sourcecode.swift; path = ArticleCell.swift; sourceTree = "<group>"; };
		FB64E2B82BF2AA5600F3FE9F /* ArticleView.swift */ = {isa = PBXFileReference; lastKnownFileType = sourcecode.swift; path = ArticleView.swift; sourceTree = "<group>"; };
		FBE4F6612BF11EAB009C65FB /* NewsAPIInteractor.swift */ = {isa = PBXFileReference; lastKnownFileType = sourcecode.swift; path = NewsAPIInteractor.swift; sourceTree = "<group>"; };
		FBEC2BD62BF138FF0089FD04 /* InteractorOutputMock.swift */ = {isa = PBXFileReference; lastKnownFileType = sourcecode.swift; path = InteractorOutputMock.swift; sourceTree = "<group>"; };
		FBEC2BD92BF146760089FD04 /* Router.swift */ = {isa = PBXFileReference; lastKnownFileType = sourcecode.swift; path = Router.swift; sourceTree = "<group>"; };
		FBEC2BDB2BF149260089FD04 /* HomePresenter.swift */ = {isa = PBXFileReference; lastKnownFileType = sourcecode.swift; path = HomePresenter.swift; sourceTree = "<group>"; };
		FBFAD30E2BF03990001C4D0C /* ArticleModel.swift */ = {isa = PBXFileReference; lastKnownFileType = sourcecode.swift; path = ArticleModel.swift; sourceTree = "<group>"; };
		FBFAD3102BF03A86001C4D0C /* SourceModel.swift */ = {isa = PBXFileReference; lastKnownFileType = sourcecode.swift; path = SourceModel.swift; sourceTree = "<group>"; };
		FBFAD3122BF03B8E001C4D0C /* ResponseModel.swift */ = {isa = PBXFileReference; lastKnownFileType = sourcecode.swift; path = ResponseModel.swift; sourceTree = "<group>"; };
		FBFAD3142BF03BFA001C4D0C /* ErrorResponseModel.swift */ = {isa = PBXFileReference; lastKnownFileType = sourcecode.swift; path = ErrorResponseModel.swift; sourceTree = "<group>"; };
		FBFAD3192BF046CC001C4D0C /* Protocols.swift */ = {isa = PBXFileReference; lastKnownFileType = sourcecode.swift; path = Protocols.swift; sourceTree = "<group>"; };
/* End PBXFileReference section */

/* Begin PBXFrameworksBuildPhase section */
		FB4A33582BEFA6E000BFFBBD /* Frameworks */ = {
			isa = PBXFrameworksBuildPhase;
			buildActionMask = 2147483647;
			files = (
				6D42B1BD7CBA85419B519C6D /* Pods_NewsApp.framework in Frameworks */,
			);
			runOnlyForDeploymentPostprocessing = 0;
		};
		FB4A336E2BEFA6E100BFFBBD /* Frameworks */ = {
			isa = PBXFrameworksBuildPhase;
			buildActionMask = 2147483647;
			files = (
				D8F3C7B26A5CD1BF6B118FA4 /* Pods_NewsAppTests.framework in Frameworks */,
			);
			runOnlyForDeploymentPostprocessing = 0;
		};
		FB4A33782BEFA6E100BFFBBD /* Frameworks */ = {
			isa = PBXFrameworksBuildPhase;
			buildActionMask = 2147483647;
			files = (
				DCC84A9B69124181C776BC8B /* Pods_NewsApp_NewsAppUITests.framework in Frameworks */,
			);
			runOnlyForDeploymentPostprocessing = 0;
		};
/* End PBXFrameworksBuildPhase section */

/* Begin PBXGroup section */
		5E1BA6DFFFE463B5777B0172 /* Frameworks */ = {
			isa = PBXGroup;
			children = (
				A9C6E14932A60DF4EDD8D93A /* Pods_NewsApp.framework */,
				3A76A5D6E1FF71BFE1C6B33E /* Pods_NewsApp_NewsAppUITests.framework */,
				1B6093C3EFA1D52FF63DBD32 /* Pods_NewsAppTests.framework */,
			);
			name = Frameworks;
			sourceTree = "<group>";
		};
		8A5BA7DF0574A2EB92768F5D /* Pods */ = {
			isa = PBXGroup;
			children = (
				0562295BC6DDB8E20FEA1DB1 /* Pods-NewsApp.debug.xcconfig */,
				231183C4095FE28F01B2E4D6 /* Pods-NewsApp.release.xcconfig */,
				6F8978E5E85B5FAA6FFA8B8A /* Pods-NewsApp-NewsAppUITests.debug.xcconfig */,
				DB88020141A3E61A11394A3A /* Pods-NewsApp-NewsAppUITests.release.xcconfig */,
				CF05A3B6D767509E9A1BBC5B /* Pods-NewsAppTests.debug.xcconfig */,
				62F1564A645FC586797F6A7A /* Pods-NewsAppTests.release.xcconfig */,
			);
			path = Pods;
			sourceTree = "<group>";
		};
		FB4A33522BEFA6E000BFFBBD = {
			isa = PBXGroup;
			children = (
				FB4A335D2BEFA6E000BFFBBD /* NewsApp */,
				FB4A33742BEFA6E100BFFBBD /* NewsAppTests */,
				FB4A337E2BEFA6E100BFFBBD /* NewsAppUITests */,
				FB4A335C2BEFA6E000BFFBBD /* Products */,
				8A5BA7DF0574A2EB92768F5D /* Pods */,
				5E1BA6DFFFE463B5777B0172 /* Frameworks */,
			);
			sourceTree = "<group>";
		};
		FB4A335C2BEFA6E000BFFBBD /* Products */ = {
			isa = PBXGroup;
			children = (
				FB4A335B2BEFA6E000BFFBBD /* NewsApp.app */,
				FB4A33712BEFA6E100BFFBBD /* NewsAppTests.xctest */,
				FB4A337B2BEFA6E100BFFBBD /* NewsAppUITests.xctest */,
			);
			name = Products;
			sourceTree = "<group>";
		};
		FB4A335D2BEFA6E000BFFBBD /* NewsApp */ = {
			isa = PBXGroup;
			children = (
				FB4A335E2BEFA6E000BFFBBD /* AppDelegate.swift */,
				FB4A33602BEFA6E000BFFBBD /* SceneDelegate.swift */,
				FB4A338F2BEFB24A00BFFBBD /* Shared */,
				FB4A338E2BEFAAA500BFFBBD /* View */,
				FBFAD3172BF03E99001C4D0C /* Interactor */,
				FBEC2BD52BF138BF0089FD04 /* Presenter */,
				FBFAD30D2BF037AF001C4D0C /* Entity */,
				FBEC2BD82BF146530089FD04 /* Router */,
			);
			path = NewsApp;
			sourceTree = "<group>";
		};
		FB4A33742BEFA6E100BFFBBD /* NewsAppTests */ = {
			isa = PBXGroup;
			children = (
				FB4A33752BEFA6E100BFFBBD /* NewsAppTests.swift */,
			);
			path = NewsAppTests;
			sourceTree = "<group>";
		};
		FB4A337E2BEFA6E100BFFBBD /* NewsAppUITests */ = {
			isa = PBXGroup;
			children = (
				FB4A337F2BEFA6E100BFFBBD /* NewsAppUITests.swift */,
				FB4A33812BEFA6E100BFFBBD /* NewsAppUITestsLaunchTests.swift */,
			);
			path = NewsAppUITests;
			sourceTree = "<group>";
		};
		FB4A338E2BEFAAA500BFFBBD /* View */ = {
			isa = PBXGroup;
			children = (
				FB6701272BF2B0BA006B506E /* Components */,
				FB64E2B62BF2AA3E00F3FE9F /* Home */,
				FB64E2B72BF2AA4700F3FE9F /* Article */,
				FB64E2B32BF2815F00F3FE9F /* ArticleCell */,
			);
			path = View;
			sourceTree = "<group>";
		};
		FB4A338F2BEFB24A00BFFBBD /* Shared */ = {
			isa = PBXGroup;
			children = (
				FBFAD3182BF046BC001C4D0C /* Protocols */,
				FB4A33932BEFB45600BFFBBD /* Extensions */,
				FB4A33672BEFA6E100BFFBBD /* Assets.xcassets */,
				FB4A336C2BEFA6E100BFFBBD /* Info.plist */,
				FB4A33692BEFA6E100BFFBBD /* LaunchScreen.storyboard */,
			);
			path = Shared;
			sourceTree = "<group>";
		};
		FB4A33932BEFB45600BFFBBD /* Extensions */ = {
			isa = PBXGroup;
			children = (
				FB4A33902BEFB25600BFFBBD /* UIView+Constraints.swift */,
			);
			path = Extensions;
			sourceTree = "<group>";
		};
		FB64E2B32BF2815F00F3FE9F /* ArticleCell */ = {
			isa = PBXGroup;
			children = (
				FB64E2B12BF26AB400F3FE9F /* ArticleCellView.swift */,
				FB64E2B42BF2817700F3FE9F /* ArticleCell.swift */,
			);
			path = ArticleCell;
			sourceTree = "<group>";
		};
		FB64E2B62BF2AA3E00F3FE9F /* Home */ = {
			isa = PBXGroup;
			children = (
				FB4A33622BEFA6E000BFFBBD /* HomeVC.swift */,
			);
			path = Home;
			sourceTree = "<group>";
		};
		FB64E2B72BF2AA4700F3FE9F /* Article */ = {
			isa = PBXGroup;
			children = (
				FB64E2B82BF2AA5600F3FE9F /* ArticleView.swift */,
			);
			path = Article;
			sourceTree = "<group>";
		};
		FB6701272BF2B0BA006B506E /* Components */ = {
			isa = PBXGroup;
			children = (
			);
			path = Components;
			sourceTree = "<group>";
		};
		FBEC2BD52BF138BF0089FD04 /* Presenter */ = {
			isa = PBXGroup;
			children = (
				FBEC2BDB2BF149260089FD04 /* HomePresenter.swift */,
				FBEC2BDD2BF153FF0089FD04 /* Mock */,
			);
			path = Presenter;
			sourceTree = "<group>";
		};
		FBEC2BD82BF146530089FD04 /* Router */ = {
			isa = PBXGroup;
			children = (
				FBEC2BD92BF146760089FD04 /* Router.swift */,
			);
			path = Router;
			sourceTree = "<group>";
		};
		FBEC2BDD2BF153FF0089FD04 /* Mock */ = {
			isa = PBXGroup;
			children = (
				FBEC2BD62BF138FF0089FD04 /* InteractorOutputMock.swift */,
			);
			path = Mock;
			sourceTree = "<group>";
		};
		FBFAD30D2BF037AF001C4D0C /* Entity */ = {
			isa = PBXGroup;
			children = (
				FBFAD3122BF03B8E001C4D0C /* ResponseModel.swift */,
				FBFAD3142BF03BFA001C4D0C /* ErrorResponseModel.swift */,
				FBFAD30E2BF03990001C4D0C /* ArticleModel.swift */,
				FBFAD3102BF03A86001C4D0C /* SourceModel.swift */,
			);
			path = Entity;
			sourceTree = "<group>";
		};
		FBFAD3172BF03E99001C4D0C /* Interactor */ = {
			isa = PBXGroup;
			children = (
				FBE4F6612BF11EAB009C65FB /* NewsAPIInteractor.swift */,
			);
			path = Interactor;
			sourceTree = "<group>";
		};
		FBFAD3182BF046BC001C4D0C /* Protocols */ = {
			isa = PBXGroup;
			children = (
				FBFAD3192BF046CC001C4D0C /* Protocols.swift */,
			);
			path = Protocols;
			sourceTree = "<group>";
		};
/* End PBXGroup section */

/* Begin PBXNativeTarget section */
		FB4A335A2BEFA6E000BFFBBD /* NewsApp */ = {
			isa = PBXNativeTarget;
			buildConfigurationList = FB4A33852BEFA6E100BFFBBD /* Build configuration list for PBXNativeTarget "NewsApp" */;
			buildPhases = (
				47507D902910A54EFE281B83 /* [CP] Check Pods Manifest.lock */,
				FB4A33572BEFA6E000BFFBBD /* Sources */,
				FB4A33582BEFA6E000BFFBBD /* Frameworks */,
				FB4A33592BEFA6E000BFFBBD /* Resources */,
				012322BE41EA018BFD4BB926 /* [CP] Embed Pods Frameworks */,
			);
			buildRules = (
			);
			dependencies = (
			);
			name = NewsApp;
			productName = NewsApp;
			productReference = FB4A335B2BEFA6E000BFFBBD /* NewsApp.app */;
			productType = "com.apple.product-type.application";
		};
		FB4A33702BEFA6E100BFFBBD /* NewsAppTests */ = {
			isa = PBXNativeTarget;
			buildConfigurationList = FB4A33882BEFA6E100BFFBBD /* Build configuration list for PBXNativeTarget "NewsAppTests" */;
			buildPhases = (
				60C1EF6A5AA4B644A26A30AA /* [CP] Check Pods Manifest.lock */,
				FB4A336D2BEFA6E100BFFBBD /* Sources */,
				FB4A336E2BEFA6E100BFFBBD /* Frameworks */,
				FB4A336F2BEFA6E100BFFBBD /* Resources */,
			);
			buildRules = (
			);
			dependencies = (
				FB4A33732BEFA6E100BFFBBD /* PBXTargetDependency */,
			);
			name = NewsAppTests;
			productName = NewsAppTests;
			productReference = FB4A33712BEFA6E100BFFBBD /* NewsAppTests.xctest */;
			productType = "com.apple.product-type.bundle.unit-test";
		};
		FB4A337A2BEFA6E100BFFBBD /* NewsAppUITests */ = {
			isa = PBXNativeTarget;
			buildConfigurationList = FB4A338B2BEFA6E100BFFBBD /* Build configuration list for PBXNativeTarget "NewsAppUITests" */;
			buildPhases = (
				8522A53FA95AD355B417F7DB /* [CP] Check Pods Manifest.lock */,
				FB4A33772BEFA6E100BFFBBD /* Sources */,
				FB4A33782BEFA6E100BFFBBD /* Frameworks */,
				FB4A33792BEFA6E100BFFBBD /* Resources */,
				7C3B400A3C203288255AEBA4 /* [CP] Embed Pods Frameworks */,
			);
			buildRules = (
			);
			dependencies = (
				FB4A337D2BEFA6E100BFFBBD /* PBXTargetDependency */,
			);
			name = NewsAppUITests;
			productName = NewsAppUITests;
			productReference = FB4A337B2BEFA6E100BFFBBD /* NewsAppUITests.xctest */;
			productType = "com.apple.product-type.bundle.ui-testing";
		};
/* End PBXNativeTarget section */

/* Begin PBXProject section */
		FB4A33532BEFA6E000BFFBBD /* Project object */ = {
			isa = PBXProject;
			attributes = {
				BuildIndependentTargetsInParallel = 1;
				LastSwiftUpdateCheck = 1530;
				LastUpgradeCheck = 1530;
				TargetAttributes = {
					FB4A335A2BEFA6E000BFFBBD = {
						CreatedOnToolsVersion = 15.3;
					};
					FB4A33702BEFA6E100BFFBBD = {
						CreatedOnToolsVersion = 15.3;
						TestTargetID = FB4A335A2BEFA6E000BFFBBD;
					};
					FB4A337A2BEFA6E100BFFBBD = {
						CreatedOnToolsVersion = 15.3;
						TestTargetID = FB4A335A2BEFA6E000BFFBBD;
					};
				};
			};
			buildConfigurationList = FB4A33562BEFA6E000BFFBBD /* Build configuration list for PBXProject "NewsApp" */;
			compatibilityVersion = "Xcode 14.0";
			developmentRegion = en;
			hasScannedForEncodings = 0;
			knownRegions = (
				en,
				Base,
			);
			mainGroup = FB4A33522BEFA6E000BFFBBD;
			productRefGroup = FB4A335C2BEFA6E000BFFBBD /* Products */;
			projectDirPath = "";
			projectRoot = "";
			targets = (
				FB4A335A2BEFA6E000BFFBBD /* NewsApp */,
				FB4A33702BEFA6E100BFFBBD /* NewsAppTests */,
				FB4A337A2BEFA6E100BFFBBD /* NewsAppUITests */,
			);
		};
/* End PBXProject section */

/* Begin PBXResourcesBuildPhase section */
		FB4A33592BEFA6E000BFFBBD /* Resources */ = {
			isa = PBXResourcesBuildPhase;
			buildActionMask = 2147483647;
			files = (
				FB4A33682BEFA6E100BFFBBD /* Assets.xcassets in Resources */,
				FB4A336B2BEFA6E100BFFBBD /* Base in Resources */,
			);
			runOnlyForDeploymentPostprocessing = 0;
		};
		FB4A336F2BEFA6E100BFFBBD /* Resources */ = {
			isa = PBXResourcesBuildPhase;
			buildActionMask = 2147483647;
			files = (
			);
			runOnlyForDeploymentPostprocessing = 0;
		};
		FB4A33792BEFA6E100BFFBBD /* Resources */ = {
			isa = PBXResourcesBuildPhase;
			buildActionMask = 2147483647;
			files = (
			);
			runOnlyForDeploymentPostprocessing = 0;
		};
/* End PBXResourcesBuildPhase section */

/* Begin PBXShellScriptBuildPhase section */
		012322BE41EA018BFD4BB926 /* [CP] Embed Pods Frameworks */ = {
			isa = PBXShellScriptBuildPhase;
			buildActionMask = 2147483647;
			files = (
			);
			inputFileListPaths = (
				"${PODS_ROOT}/Target Support Files/Pods-NewsApp/Pods-NewsApp-frameworks-${CONFIGURATION}-input-files.xcfilelist",
			);
			name = "[CP] Embed Pods Frameworks";
			outputFileListPaths = (
				"${PODS_ROOT}/Target Support Files/Pods-NewsApp/Pods-NewsApp-frameworks-${CONFIGURATION}-output-files.xcfilelist",
			);
			runOnlyForDeploymentPostprocessing = 0;
			shellPath = /bin/sh;
			shellScript = "\"${PODS_ROOT}/Target Support Files/Pods-NewsApp/Pods-NewsApp-frameworks.sh\"\n";
			showEnvVarsInLog = 0;
		};
		47507D902910A54EFE281B83 /* [CP] Check Pods Manifest.lock */ = {
			isa = PBXShellScriptBuildPhase;
			buildActionMask = 2147483647;
			files = (
			);
			inputFileListPaths = (
			);
			inputPaths = (
				"${PODS_PODFILE_DIR_PATH}/Podfile.lock",
				"${PODS_ROOT}/Manifest.lock",
			);
			name = "[CP] Check Pods Manifest.lock";
			outputFileListPaths = (
			);
			outputPaths = (
				"$(DERIVED_FILE_DIR)/Pods-NewsApp-checkManifestLockResult.txt",
			);
			runOnlyForDeploymentPostprocessing = 0;
			shellPath = /bin/sh;
			shellScript = "diff \"${PODS_PODFILE_DIR_PATH}/Podfile.lock\" \"${PODS_ROOT}/Manifest.lock\" > /dev/null\nif [ $? != 0 ] ; then\n    # print error to STDERR\n    echo \"error: The sandbox is not in sync with the Podfile.lock. Run 'pod install' or update your CocoaPods installation.\" >&2\n    exit 1\nfi\n# This output is used by Xcode 'outputs' to avoid re-running this script phase.\necho \"SUCCESS\" > \"${SCRIPT_OUTPUT_FILE_0}\"\n";
			showEnvVarsInLog = 0;
		};
		60C1EF6A5AA4B644A26A30AA /* [CP] Check Pods Manifest.lock */ = {
			isa = PBXShellScriptBuildPhase;
			buildActionMask = 2147483647;
			files = (
			);
			inputFileListPaths = (
			);
			inputPaths = (
				"${PODS_PODFILE_DIR_PATH}/Podfile.lock",
				"${PODS_ROOT}/Manifest.lock",
			);
			name = "[CP] Check Pods Manifest.lock";
			outputFileListPaths = (
			);
			outputPaths = (
				"$(DERIVED_FILE_DIR)/Pods-NewsAppTests-checkManifestLockResult.txt",
			);
			runOnlyForDeploymentPostprocessing = 0;
			shellPath = /bin/sh;
			shellScript = "diff \"${PODS_PODFILE_DIR_PATH}/Podfile.lock\" \"${PODS_ROOT}/Manifest.lock\" > /dev/null\nif [ $? != 0 ] ; then\n    # print error to STDERR\n    echo \"error: The sandbox is not in sync with the Podfile.lock. Run 'pod install' or update your CocoaPods installation.\" >&2\n    exit 1\nfi\n# This output is used by Xcode 'outputs' to avoid re-running this script phase.\necho \"SUCCESS\" > \"${SCRIPT_OUTPUT_FILE_0}\"\n";
			showEnvVarsInLog = 0;
		};
		7C3B400A3C203288255AEBA4 /* [CP] Embed Pods Frameworks */ = {
			isa = PBXShellScriptBuildPhase;
			buildActionMask = 2147483647;
			files = (
			);
			inputFileListPaths = (
				"${PODS_ROOT}/Target Support Files/Pods-NewsApp-NewsAppUITests/Pods-NewsApp-NewsAppUITests-frameworks-${CONFIGURATION}-input-files.xcfilelist",
			);
			name = "[CP] Embed Pods Frameworks";
			outputFileListPaths = (
				"${PODS_ROOT}/Target Support Files/Pods-NewsApp-NewsAppUITests/Pods-NewsApp-NewsAppUITests-frameworks-${CONFIGURATION}-output-files.xcfilelist",
			);
			runOnlyForDeploymentPostprocessing = 0;
			shellPath = /bin/sh;
			shellScript = "\"${PODS_ROOT}/Target Support Files/Pods-NewsApp-NewsAppUITests/Pods-NewsApp-NewsAppUITests-frameworks.sh\"\n";
			showEnvVarsInLog = 0;
		};
		8522A53FA95AD355B417F7DB /* [CP] Check Pods Manifest.lock */ = {
			isa = PBXShellScriptBuildPhase;
			buildActionMask = 2147483647;
			files = (
			);
			inputFileListPaths = (
			);
			inputPaths = (
				"${PODS_PODFILE_DIR_PATH}/Podfile.lock",
				"${PODS_ROOT}/Manifest.lock",
			);
			name = "[CP] Check Pods Manifest.lock";
			outputFileListPaths = (
			);
			outputPaths = (
				"$(DERIVED_FILE_DIR)/Pods-NewsApp-NewsAppUITests-checkManifestLockResult.txt",
			);
			runOnlyForDeploymentPostprocessing = 0;
			shellPath = /bin/sh;
			shellScript = "diff \"${PODS_PODFILE_DIR_PATH}/Podfile.lock\" \"${PODS_ROOT}/Manifest.lock\" > /dev/null\nif [ $? != 0 ] ; then\n    # print error to STDERR\n    echo \"error: The sandbox is not in sync with the Podfile.lock. Run 'pod install' or update your CocoaPods installation.\" >&2\n    exit 1\nfi\n# This output is used by Xcode 'outputs' to avoid re-running this script phase.\necho \"SUCCESS\" > \"${SCRIPT_OUTPUT_FILE_0}\"\n";
			showEnvVarsInLog = 0;
		};
/* End PBXShellScriptBuildPhase section */

/* Begin PBXSourcesBuildPhase section */
		FB4A33572BEFA6E000BFFBBD /* Sources */ = {
			isa = PBXSourcesBuildPhase;
			buildActionMask = 2147483647;
			files = (
				FBE4F6622BF11EAB009C65FB /* NewsAPIInteractor.swift in Sources */,
				FB4A33632BEFA6E000BFFBBD /* HomeVC.swift in Sources */,
				FB4A335F2BEFA6E000BFFBBD /* AppDelegate.swift in Sources */,
				FBEC2BD72BF138FF0089FD04 /* InteractorOutputMock.swift in Sources */,
				FB64E2B52BF2817700F3FE9F /* ArticleCell.swift in Sources */,
				FBEC2BDA2BF146760089FD04 /* Router.swift in Sources */,
				FBFAD3112BF03A86001C4D0C /* SourceModel.swift in Sources */,
				FBFAD31A2BF046CC001C4D0C /* Protocols.swift in Sources */,
				FB4A33612BEFA6E000BFFBBD /* SceneDelegate.swift in Sources */,
				FB4A33912BEFB25600BFFBBD /* UIView+Constraints.swift in Sources */,
				FBFAD3152BF03BFA001C4D0C /* ErrorResponseModel.swift in Sources */,
				FB64E2B92BF2AA5600F3FE9F /* ArticleView.swift in Sources */,
				FBEC2BDC2BF149260089FD04 /* HomePresenter.swift in Sources */,
				FB64E2B22BF26AB400F3FE9F /* ArticleCellView.swift in Sources */,
				FBFAD30F2BF03990001C4D0C /* ArticleModel.swift in Sources */,
				FBFAD3132BF03B8E001C4D0C /* ResponseModel.swift in Sources */,
			);
			runOnlyForDeploymentPostprocessing = 0;
		};
		FB4A336D2BEFA6E100BFFBBD /* Sources */ = {
			isa = PBXSourcesBuildPhase;
			buildActionMask = 2147483647;
			files = (
				FB4A33762BEFA6E100BFFBBD /* NewsAppTests.swift in Sources */,
			);
			runOnlyForDeploymentPostprocessing = 0;
		};
		FB4A33772BEFA6E100BFFBBD /* Sources */ = {
			isa = PBXSourcesBuildPhase;
			buildActionMask = 2147483647;
			files = (
				FB4A33802BEFA6E100BFFBBD /* NewsAppUITests.swift in Sources */,
				FB4A33822BEFA6E100BFFBBD /* NewsAppUITestsLaunchTests.swift in Sources */,
			);
			runOnlyForDeploymentPostprocessing = 0;
		};
/* End PBXSourcesBuildPhase section */

/* Begin PBXTargetDependency section */
		FB4A33732BEFA6E100BFFBBD /* PBXTargetDependency */ = {
			isa = PBXTargetDependency;
			target = FB4A335A2BEFA6E000BFFBBD /* NewsApp */;
			targetProxy = FB4A33722BEFA6E100BFFBBD /* PBXContainerItemProxy */;
		};
		FB4A337D2BEFA6E100BFFBBD /* PBXTargetDependency */ = {
			isa = PBXTargetDependency;
			target = FB4A335A2BEFA6E000BFFBBD /* NewsApp */;
			targetProxy = FB4A337C2BEFA6E100BFFBBD /* PBXContainerItemProxy */;
		};
/* End PBXTargetDependency section */

/* Begin PBXVariantGroup section */
		FB4A33692BEFA6E100BFFBBD /* LaunchScreen.storyboard */ = {
			isa = PBXVariantGroup;
			children = (
				FB4A336A2BEFA6E100BFFBBD /* Base */,
			);
			name = LaunchScreen.storyboard;
			sourceTree = "<group>";
		};
/* End PBXVariantGroup section */

/* Begin XCBuildConfiguration section */
		FB4A33832BEFA6E100BFFBBD /* Debug */ = {
			isa = XCBuildConfiguration;
			buildSettings = {
				ALWAYS_SEARCH_USER_PATHS = NO;
				ASSETCATALOG_COMPILER_GENERATE_SWIFT_ASSET_SYMBOL_EXTENSIONS = YES;
				CLANG_ANALYZER_NONNULL = YES;
				CLANG_ANALYZER_NUMBER_OBJECT_CONVERSION = YES_AGGRESSIVE;
				CLANG_CXX_LANGUAGE_STANDARD = "gnu++20";
				CLANG_ENABLE_MODULES = YES;
				CLANG_ENABLE_OBJC_ARC = YES;
				CLANG_ENABLE_OBJC_WEAK = YES;
				CLANG_WARN_BLOCK_CAPTURE_AUTORELEASING = YES;
				CLANG_WARN_BOOL_CONVERSION = YES;
				CLANG_WARN_COMMA = YES;
				CLANG_WARN_CONSTANT_CONVERSION = YES;
				CLANG_WARN_DEPRECATED_OBJC_IMPLEMENTATIONS = YES;
				CLANG_WARN_DIRECT_OBJC_ISA_USAGE = YES_ERROR;
				CLANG_WARN_DOCUMENTATION_COMMENTS = YES;
				CLANG_WARN_EMPTY_BODY = YES;
				CLANG_WARN_ENUM_CONVERSION = YES;
				CLANG_WARN_INFINITE_RECURSION = YES;
				CLANG_WARN_INT_CONVERSION = YES;
				CLANG_WARN_NON_LITERAL_NULL_CONVERSION = YES;
				CLANG_WARN_OBJC_IMPLICIT_RETAIN_SELF = YES;
				CLANG_WARN_OBJC_LITERAL_CONVERSION = YES;
				CLANG_WARN_OBJC_ROOT_CLASS = YES_ERROR;
				CLANG_WARN_QUOTED_INCLUDE_IN_FRAMEWORK_HEADER = YES;
				CLANG_WARN_RANGE_LOOP_ANALYSIS = YES;
				CLANG_WARN_STRICT_PROTOTYPES = YES;
				CLANG_WARN_SUSPICIOUS_MOVE = YES;
				CLANG_WARN_UNGUARDED_AVAILABILITY = YES_AGGRESSIVE;
				CLANG_WARN_UNREACHABLE_CODE = YES;
				CLANG_WARN__DUPLICATE_METHOD_MATCH = YES;
				COPY_PHASE_STRIP = NO;
				DEBUG_INFORMATION_FORMAT = dwarf;
				ENABLE_STRICT_OBJC_MSGSEND = YES;
				ENABLE_TESTABILITY = YES;
				ENABLE_USER_SCRIPT_SANDBOXING = YES;
				GCC_C_LANGUAGE_STANDARD = gnu17;
				GCC_DYNAMIC_NO_PIC = NO;
				GCC_NO_COMMON_BLOCKS = YES;
				GCC_OPTIMIZATION_LEVEL = 0;
				GCC_PREPROCESSOR_DEFINITIONS = (
					"DEBUG=1",
					"$(inherited)",
				);
				GCC_WARN_64_TO_32_BIT_CONVERSION = YES;
				GCC_WARN_ABOUT_RETURN_TYPE = YES_ERROR;
				GCC_WARN_UNDECLARED_SELECTOR = YES;
				GCC_WARN_UNINITIALIZED_AUTOS = YES_AGGRESSIVE;
				GCC_WARN_UNUSED_FUNCTION = YES;
				GCC_WARN_UNUSED_VARIABLE = YES;
				IPHONEOS_DEPLOYMENT_TARGET = 17.4;
				LOCALIZATION_PREFERS_STRING_CATALOGS = YES;
				MTL_ENABLE_DEBUG_INFO = INCLUDE_SOURCE;
				MTL_FAST_MATH = YES;
				ONLY_ACTIVE_ARCH = YES;
				SDKROOT = iphoneos;
				SWIFT_ACTIVE_COMPILATION_CONDITIONS = "DEBUG $(inherited)";
				SWIFT_OPTIMIZATION_LEVEL = "-Onone";
			};
			name = Debug;
		};
		FB4A33842BEFA6E100BFFBBD /* Release */ = {
			isa = XCBuildConfiguration;
			buildSettings = {
				ALWAYS_SEARCH_USER_PATHS = NO;
				ASSETCATALOG_COMPILER_GENERATE_SWIFT_ASSET_SYMBOL_EXTENSIONS = YES;
				CLANG_ANALYZER_NONNULL = YES;
				CLANG_ANALYZER_NUMBER_OBJECT_CONVERSION = YES_AGGRESSIVE;
				CLANG_CXX_LANGUAGE_STANDARD = "gnu++20";
				CLANG_ENABLE_MODULES = YES;
				CLANG_ENABLE_OBJC_ARC = YES;
				CLANG_ENABLE_OBJC_WEAK = YES;
				CLANG_WARN_BLOCK_CAPTURE_AUTORELEASING = YES;
				CLANG_WARN_BOOL_CONVERSION = YES;
				CLANG_WARN_COMMA = YES;
				CLANG_WARN_CONSTANT_CONVERSION = YES;
				CLANG_WARN_DEPRECATED_OBJC_IMPLEMENTATIONS = YES;
				CLANG_WARN_DIRECT_OBJC_ISA_USAGE = YES_ERROR;
				CLANG_WARN_DOCUMENTATION_COMMENTS = YES;
				CLANG_WARN_EMPTY_BODY = YES;
				CLANG_WARN_ENUM_CONVERSION = YES;
				CLANG_WARN_INFINITE_RECURSION = YES;
				CLANG_WARN_INT_CONVERSION = YES;
				CLANG_WARN_NON_LITERAL_NULL_CONVERSION = YES;
				CLANG_WARN_OBJC_IMPLICIT_RETAIN_SELF = YES;
				CLANG_WARN_OBJC_LITERAL_CONVERSION = YES;
				CLANG_WARN_OBJC_ROOT_CLASS = YES_ERROR;
				CLANG_WARN_QUOTED_INCLUDE_IN_FRAMEWORK_HEADER = YES;
				CLANG_WARN_RANGE_LOOP_ANALYSIS = YES;
				CLANG_WARN_STRICT_PROTOTYPES = YES;
				CLANG_WARN_SUSPICIOUS_MOVE = YES;
				CLANG_WARN_UNGUARDED_AVAILABILITY = YES_AGGRESSIVE;
				CLANG_WARN_UNREACHABLE_CODE = YES;
				CLANG_WARN__DUPLICATE_METHOD_MATCH = YES;
				COPY_PHASE_STRIP = NO;
				DEBUG_INFORMATION_FORMAT = "dwarf-with-dsym";
				ENABLE_NS_ASSERTIONS = NO;
				ENABLE_STRICT_OBJC_MSGSEND = YES;
				ENABLE_USER_SCRIPT_SANDBOXING = YES;
				GCC_C_LANGUAGE_STANDARD = gnu17;
				GCC_NO_COMMON_BLOCKS = YES;
				GCC_WARN_64_TO_32_BIT_CONVERSION = YES;
				GCC_WARN_ABOUT_RETURN_TYPE = YES_ERROR;
				GCC_WARN_UNDECLARED_SELECTOR = YES;
				GCC_WARN_UNINITIALIZED_AUTOS = YES_AGGRESSIVE;
				GCC_WARN_UNUSED_FUNCTION = YES;
				GCC_WARN_UNUSED_VARIABLE = YES;
				IPHONEOS_DEPLOYMENT_TARGET = 17.4;
				LOCALIZATION_PREFERS_STRING_CATALOGS = YES;
				MTL_ENABLE_DEBUG_INFO = NO;
				MTL_FAST_MATH = YES;
				SDKROOT = iphoneos;
				SWIFT_COMPILATION_MODE = wholemodule;
				VALIDATE_PRODUCT = YES;
			};
			name = Release;
		};
		FB4A33862BEFA6E100BFFBBD /* Debug */ = {
			isa = XCBuildConfiguration;
			baseConfigurationReference = 0562295BC6DDB8E20FEA1DB1 /* Pods-NewsApp.debug.xcconfig */;
			buildSettings = {
				ASSETCATALOG_COMPILER_APPICON_NAME = AppIcon;
				ASSETCATALOG_COMPILER_GLOBAL_ACCENT_COLOR_NAME = AccentColor;
				CODE_SIGN_STYLE = Automatic;
				CURRENT_PROJECT_VERSION = 1;
				DEVELOPMENT_TEAM = Y7F52ZVSDT;
				ENABLE_USER_SCRIPT_SANDBOXING = NO;
				GENERATE_INFOPLIST_FILE = YES;
				INFOPLIST_FILE = NewsApp/Shared/Info.plist;
				INFOPLIST_KEY_LSApplicationCategoryType = "public.app-category.news";
				INFOPLIST_KEY_UIApplicationSupportsIndirectInputEvents = YES;
				INFOPLIST_KEY_UILaunchStoryboardName = LaunchScreen;
				INFOPLIST_KEY_UISupportedInterfaceOrientations_iPad = "UIInterfaceOrientationPortrait UIInterfaceOrientationPortraitUpsideDown UIInterfaceOrientationLandscapeLeft UIInterfaceOrientationLandscapeRight";
				INFOPLIST_KEY_UISupportedInterfaceOrientations_iPhone = "UIInterfaceOrientationPortrait UIInterfaceOrientationLandscapeLeft UIInterfaceOrientationLandscapeRight";
				LD_RUNPATH_SEARCH_PATHS = (
					"$(inherited)",
					"@executable_path/Frameworks",
				);
				MARKETING_VERSION = 1.0;
				PRODUCT_BUNDLE_IDENTIFIER = com.dantas.NewsApp;
				PRODUCT_NAME = "$(TARGET_NAME)";
				SWIFT_EMIT_LOC_STRINGS = YES;
				SWIFT_VERSION = 5.0;
				TARGETED_DEVICE_FAMILY = "1,2";
			};
			name = Debug;
		};
		FB4A33872BEFA6E100BFFBBD /* Release */ = {
			isa = XCBuildConfiguration;
			baseConfigurationReference = 231183C4095FE28F01B2E4D6 /* Pods-NewsApp.release.xcconfig */;
			buildSettings = {
				ASSETCATALOG_COMPILER_APPICON_NAME = AppIcon;
				ASSETCATALOG_COMPILER_GLOBAL_ACCENT_COLOR_NAME = AccentColor;
				CODE_SIGN_STYLE = Automatic;
				CURRENT_PROJECT_VERSION = 1;
				DEVELOPMENT_TEAM = Y7F52ZVSDT;
				ENABLE_USER_SCRIPT_SANDBOXING = NO;
				GENERATE_INFOPLIST_FILE = YES;
				INFOPLIST_FILE = NewsApp/Shared/Info.plist;
				INFOPLIST_KEY_LSApplicationCategoryType = "public.app-category.news";
				INFOPLIST_KEY_UIApplicationSupportsIndirectInputEvents = YES;
				INFOPLIST_KEY_UILaunchStoryboardName = LaunchScreen;
				INFOPLIST_KEY_UISupportedInterfaceOrientations_iPad = "UIInterfaceOrientationPortrait UIInterfaceOrientationPortraitUpsideDown UIInterfaceOrientationLandscapeLeft UIInterfaceOrientationLandscapeRight";
				INFOPLIST_KEY_UISupportedInterfaceOrientations_iPhone = "UIInterfaceOrientationPortrait UIInterfaceOrientationLandscapeLeft UIInterfaceOrientationLandscapeRight";
				LD_RUNPATH_SEARCH_PATHS = (
					"$(inherited)",
					"@executable_path/Frameworks",
				);
				MARKETING_VERSION = 1.0;
				PRODUCT_BUNDLE_IDENTIFIER = com.dantas.NewsApp;
				PRODUCT_NAME = "$(TARGET_NAME)";
				SWIFT_EMIT_LOC_STRINGS = YES;
				SWIFT_VERSION = 5.0;
				TARGETED_DEVICE_FAMILY = "1,2";
			};
			name = Release;
		};
		FB4A33892BEFA6E100BFFBBD /* Debug */ = {
			isa = XCBuildConfiguration;
			baseConfigurationReference = CF05A3B6D767509E9A1BBC5B /* Pods-NewsAppTests.debug.xcconfig */;
			buildSettings = {
				ALWAYS_EMBED_SWIFT_STANDARD_LIBRARIES = YES;
				BUNDLE_LOADER = "$(TEST_HOST)";
				CODE_SIGN_STYLE = Automatic;
				CURRENT_PROJECT_VERSION = 1;
				DEVELOPMENT_TEAM = Y7F52ZVSDT;
				ENABLE_USER_SCRIPT_SANDBOXING = NO;
				GENERATE_INFOPLIST_FILE = YES;
				IPHONEOS_DEPLOYMENT_TARGET = 17.4;
				MARKETING_VERSION = 1.0;
				PRODUCT_BUNDLE_IDENTIFIER = com.dantas.NewsAppTests;
				PRODUCT_NAME = "$(TARGET_NAME)";
				SWIFT_EMIT_LOC_STRINGS = NO;
				SWIFT_VERSION = 5.0;
				TARGETED_DEVICE_FAMILY = "1,2";
				TEST_HOST = "$(BUILT_PRODUCTS_DIR)/NewsApp.app/$(BUNDLE_EXECUTABLE_FOLDER_PATH)/NewsApp";
			};
			name = Debug;
		};
		FB4A338A2BEFA6E100BFFBBD /* Release */ = {
			isa = XCBuildConfiguration;
			baseConfigurationReference = 62F1564A645FC586797F6A7A /* Pods-NewsAppTests.release.xcconfig */;
			buildSettings = {
				ALWAYS_EMBED_SWIFT_STANDARD_LIBRARIES = YES;
				BUNDLE_LOADER = "$(TEST_HOST)";
				CODE_SIGN_STYLE = Automatic;
				CURRENT_PROJECT_VERSION = 1;
				DEVELOPMENT_TEAM = Y7F52ZVSDT;
				ENABLE_USER_SCRIPT_SANDBOXING = NO;
				GENERATE_INFOPLIST_FILE = YES;
				IPHONEOS_DEPLOYMENT_TARGET = 17.4;
				MARKETING_VERSION = 1.0;
				PRODUCT_BUNDLE_IDENTIFIER = com.dantas.NewsAppTests;
				PRODUCT_NAME = "$(TARGET_NAME)";
				SWIFT_EMIT_LOC_STRINGS = NO;
				SWIFT_VERSION = 5.0;
				TARGETED_DEVICE_FAMILY = "1,2";
				TEST_HOST = "$(BUILT_PRODUCTS_DIR)/NewsApp.app/$(BUNDLE_EXECUTABLE_FOLDER_PATH)/NewsApp";
			};
			name = Release;
		};
		FB4A338C2BEFA6E100BFFBBD /* Debug */ = {
			isa = XCBuildConfiguration;
			baseConfigurationReference = 6F8978E5E85B5FAA6FFA8B8A /* Pods-NewsApp-NewsAppUITests.debug.xcconfig */;
			buildSettings = {
				ALWAYS_EMBED_SWIFT_STANDARD_LIBRARIES = YES;
				CODE_SIGN_STYLE = Automatic;
				CURRENT_PROJECT_VERSION = 1;
				DEVELOPMENT_TEAM = Y7F52ZVSDT;
				ENABLE_USER_SCRIPT_SANDBOXING = NO;
				GENERATE_INFOPLIST_FILE = YES;
				MARKETING_VERSION = 1.0;
				PRODUCT_BUNDLE_IDENTIFIER = com.dantas.NewsAppUITests;
				PRODUCT_NAME = "$(TARGET_NAME)";
				SWIFT_EMIT_LOC_STRINGS = NO;
				SWIFT_VERSION = 5.0;
				TARGETED_DEVICE_FAMILY = "1,2";
				TEST_TARGET_NAME = NewsApp;
			};
			name = Debug;
		};
		FB4A338D2BEFA6E100BFFBBD /* Release */ = {
			isa = XCBuildConfiguration;
			baseConfigurationReference = DB88020141A3E61A11394A3A /* Pods-NewsApp-NewsAppUITests.release.xcconfig */;
			buildSettings = {
				ALWAYS_EMBED_SWIFT_STANDARD_LIBRARIES = YES;
				CODE_SIGN_STYLE = Automatic;
				CURRENT_PROJECT_VERSION = 1;
				DEVELOPMENT_TEAM = Y7F52ZVSDT;
				ENABLE_USER_SCRIPT_SANDBOXING = NO;
				GENERATE_INFOPLIST_FILE = YES;
				MARKETING_VERSION = 1.0;
				PRODUCT_BUNDLE_IDENTIFIER = com.dantas.NewsAppUITests;
				PRODUCT_NAME = "$(TARGET_NAME)";
				SWIFT_EMIT_LOC_STRINGS = NO;
				SWIFT_VERSION = 5.0;
				TARGETED_DEVICE_FAMILY = "1,2";
				TEST_TARGET_NAME = NewsApp;
			};
			name = Release;
		};
/* End XCBuildConfiguration section */

/* Begin XCConfigurationList section */
		FB4A33562BEFA6E000BFFBBD /* Build configuration list for PBXProject "NewsApp" */ = {
			isa = XCConfigurationList;
			buildConfigurations = (
				FB4A33832BEFA6E100BFFBBD /* Debug */,
				FB4A33842BEFA6E100BFFBBD /* Release */,
			);
			defaultConfigurationIsVisible = 0;
			defaultConfigurationName = Release;
		};
		FB4A33852BEFA6E100BFFBBD /* Build configuration list for PBXNativeTarget "NewsApp" */ = {
			isa = XCConfigurationList;
			buildConfigurations = (
				FB4A33862BEFA6E100BFFBBD /* Debug */,
				FB4A33872BEFA6E100BFFBBD /* Release */,
			);
			defaultConfigurationIsVisible = 0;
			defaultConfigurationName = Release;
		};
		FB4A33882BEFA6E100BFFBBD /* Build configuration list for PBXNativeTarget "NewsAppTests" */ = {
			isa = XCConfigurationList;
			buildConfigurations = (
				FB4A33892BEFA6E100BFFBBD /* Debug */,
				FB4A338A2BEFA6E100BFFBBD /* Release */,
			);
			defaultConfigurationIsVisible = 0;
			defaultConfigurationName = Release;
		};
		FB4A338B2BEFA6E100BFFBBD /* Build configuration list for PBXNativeTarget "NewsAppUITests" */ = {
			isa = XCConfigurationList;
			buildConfigurations = (
				FB4A338C2BEFA6E100BFFBBD /* Debug */,
				FB4A338D2BEFA6E100BFFBBD /* Release */,
			);
			defaultConfigurationIsVisible = 0;
			defaultConfigurationName = Release;
		};
/* End XCConfigurationList section */
	};
	rootObject = FB4A33532BEFA6E000BFFBBD /* Project object */;
}
